
Microsoft Visual Studio Solution File, Format Version 12.00
# Visual Studio 2012
Project("{FAE04EC0-301F-11D3-BF4B-00C04F79EFBC}") = "XeniaWedding.Core", "XeniaWedding.Core\XeniaWedding.Core.csproj", "{EF30C771-F14B-458C-8CD1-9B5F7CDD03D7}"
EndProject
Project("{FAE04EC0-301F-11D3-BF4B-00C04F79EFBC}") = "XeniaWedding.Core.Tests", "XeniaWedding.Core.Tests\XeniaWedding.Core.Tests.csproj", "{8C3B1D09-2280-47D4-A3AC-9C96DE57731B}"
EndProject
Project("{FAE04EC0-301F-11D3-BF4B-00C04F79EFBC}") = "XeniaWedding.Data", "XeniaWedding.Data\XeniaWedding.Data.csproj", "{149B3C8B-0464-427F-9FB2-01333651ACB4}"
EndProject
Project("{2150E333-8FDC-42A3-9474-1A3956D46DE8}") = "Libraries", "Libraries", "{F2F06188-583E-4A6D-BC3A-D0589011DD23}"
EndProject
Project("{2150E333-8FDC-42A3-9474-1A3956D46DE8}") = "Tests", "Tests", "{09776499-0440-4E04-9165-90FEA1212AFF}"
EndProject
Project("{FAE04EC0-301F-11D3-BF4B-00C04F79EFBC}") = "XeniaWedding.Data.Tests", "XeniaWedding.Data.Tests\XeniaWedding.Data.Tests.csproj", "{2C4A7B91-3EBE-4AE4-A9C9-F0FCAD5526F2}"
EndProject
Global
	GlobalSection(SolutionConfigurationPlatforms) = preSolution
		Debug|Any CPU = Debug|Any CPU
		Release|Any CPU = Release|Any CPU
	EndGlobalSection
	GlobalSection(ProjectConfigurationPlatforms) = postSolution
		{EF30C771-F14B-458C-8CD1-9B5F7CDD03D7}.Debug|Any CPU.ActiveCfg = Debug|Any CPU
		{EF30C771-F14B-458C-8CD1-9B5F7CDD03D7}.Debug|Any CPU.Build.0 = Debug|Any CPU
		{EF30C771-F14B-458C-8CD1-9B5F7CDD03D7}.Release|Any CPU.ActiveCfg = Release|Any CPU
		{EF30C771-F14B-458C-8CD1-9B5F7CDD03D7}.Release|Any CPU.Build.0 = Release|Any CPU
		{8C3B1D09-2280-47D4-A3AC-9C96DE57731B}.Debug|Any CPU.ActiveCfg = Debug|Any CPU
		{8C3B1D09-2280-47D4-A3AC-9C96DE57731B}.Debug|Any CPU.Build.0 = Debug|Any CPU
		{8C3B1D09-2280-47D4-A3AC-9C96DE57731B}.Release|Any CPU.ActiveCfg = Release|Any CPU
		{8C3B1D09-2280-47D4-A3AC-9C96DE57731B}.Release|Any CPU.Build.0 = Release|Any CPU
		{149B3C8B-0464-427F-9FB2-01333651ACB4}.Debug|Any CPU.ActiveCfg = Debug|Any CPU
		{149B3C8B-0464-427F-9FB2-01333651ACB4}.Debug|Any CPU.Build.0 = Debug|Any CPU
		{149B3C8B-0464-427F-9FB2-01333651ACB4}.Release|Any CPU.ActiveCfg = Release|Any CPU
		{149B3C8B-0464-427F-9FB2-01333651ACB4}.Release|Any CPU.Build.0 = Release|Any CPU
		{2C4A7B91-3EBE-4AE4-A9C9-F0FCAD5526F2}.Debug|Any CPU.ActiveCfg = Debug|Any CPU
		{2C4A7B91-3EBE-4AE4-A9C9-F0FCAD5526F2}.Debug|Any CPU.Build.0 = Debug|Any CPU
		{2C4A7B91-3EBE-4AE4-A9C9-F0FCAD5526F2}.Release|Any CPU.ActiveCfg = Release|Any CPU
		{2C4A7B91-3EBE-4AE4-A9C9-F0FCAD5526F2}.Release|Any CPU.Build.0 = Release|Any CPU
	EndGlobalSection
	GlobalSection(SolutionProperties) = preSolution
		HideSolutionNode = FALSE
	EndGlobalSection
	GlobalSection(NestedProjects) = preSolution
		{149B3C8B-0464-427F-9FB2-01333651ACB4} = {F2F06188-583E-4A6D-BC3A-D0589011DD23}
		{EF30C771-F14B-458C-8CD1-9B5F7CDD03D7} = {F2F06188-583E-4A6D-BC3A-D0589011DD23}
		{8C3B1D09-2280-47D4-A3AC-9C96DE57731B} = {09776499-0440-4E04-9165-90FEA1212AFF}
		{2C4A7B91-3EBE-4AE4-A9C9-F0FCAD5526F2} = {09776499-0440-4E04-9165-90FEA1212AFF}
	EndGlobalSection
EndGlobal
